
Microsoft Visual Studio Solution File, Format Version 12.00
# Visual Studio Version 17
VisualStudioVersion = 17.3.32901.215
MinimumVisualStudioVersion = 10.0.40219.1
Project("{FAE04EC0-301F-11D3-BF4B-00C04F79EFBC}") = "WebShop", "WebShop\WebShop.csproj", "{06CE5600-4361-413A-851F-198A7BBEB2ED}"
EndProject
Global
	GlobalSection(SolutionConfigurationPlatforms) = preSolution
		Debug|Any CPU = Debug|Any CPU
		Release|Any CPU = Release|Any CPU
	EndGlobalSection
	GlobalSection(ProjectConfigurationPlatforms) = postSolution
		{06CE5600-4361-413A-851F-198A7BBEB2ED}.Debug|Any CPU.ActiveCfg = Debug|Any CPU
		{06CE5600-4361-413A-851F-198A7BBEB2ED}.Debug|Any CPU.Build.0 = Debug|Any CPU
		{06CE5600-4361-413A-851F-198A7BBEB2ED}.Release|Any CPU.ActiveCfg = Release|Any CPU
		{06CE5600-4361-413A-851F-198A7BBEB2ED}.Release|Any CPU.Build.0 = Release|Any CPU
	EndGlobalSection
	GlobalSection(SolutionProperties) = preSolution
		HideSolutionNode = FALSE
	EndGlobalSection
	GlobalSection(ExtensibilityGlobals) = postSolution
		SolutionGuid = {43EEED21-0326-48A3-93E4-040BD9E27161}
	EndGlobalSection
EndGlobal
